
Microsoft Visual Studio Solution File, Format Version 12.00
# Visual Studio Version 16
VisualStudioVersion = 16.0.30804.86
MinimumVisualStudioVersion = 10.0.40219.1
Project("{FAE04EC0-301F-11D3-BF4B-00C04F79EFBC}") = "Duca_Ioana_Lab7", "Duca_Ioana_Lab7.csproj", "{061247C1-4048-4B63-BFAB-8B0DB2626A21}"
EndProject
Global
	GlobalSection(SolutionConfigurationPlatforms) = preSolution
		Debug|Any CPU = Debug|Any CPU
		Release|Any CPU = Release|Any CPU
	EndGlobalSection
	GlobalSection(ProjectConfigurationPlatforms) = postSolution
		{061247C1-4048-4B63-BFAB-8B0DB2626A21}.Debug|Any CPU.ActiveCfg = Debug|Any CPU
		{061247C1-4048-4B63-BFAB-8B0DB2626A21}.Debug|Any CPU.Build.0 = Debug|Any CPU
		{061247C1-4048-4B63-BFAB-8B0DB2626A21}.Release|Any CPU.ActiveCfg = Release|Any CPU
		{061247C1-4048-4B63-BFAB-8B0DB2626A21}.Release|Any CPU.Build.0 = Release|Any CPU
	EndGlobalSection
	GlobalSection(SolutionProperties) = preSolution
		HideSolutionNode = FALSE
	EndGlobalSection
	GlobalSection(ExtensibilityGlobals) = postSolution
		SolutionGuid = {BDE0BA9C-7166-4F74-B991-11E7269661D4}
	EndGlobalSection
EndGlobal
